{
  "name": "Visor_Publico_EMSV",
  "lockfileVersion": 3,
  "requires": true,
  "packages": {
    "": {
      "dependencies": {
        "@fontsource-variable/rubik": "^5.1.0"
      }
    },
    "node_modules/@fontsource-variable/rubik": {
      "version": "5.1.0",
      "resolved": "https://registry.npmjs.org/@fontsource-variable/rubik/-/rubik-5.1.0.tgz",
      "integrity": "sha512-gmh3xts3ARd0ktWW/VX+MVxhJr6TxHVeGLsQEaQXDVxvuNjn5WRucfKfXK3EVN2BcgRxUe1Fctv/v9zgEd0DUg=="
    }
  }
}
